
Microsoft Visual Studio Solution File, Format Version 12.00
# Visual Studio Version 16
VisualStudioVersion = 16.0.30413.136
MinimumVisualStudioVersion = 10.0.40219.1
Project("{9A19103F-16F7-4668-BE54-9A1E7A4F7556}") = "P2P", "P2P\P2P.csproj", "{9E650A72-AF9C-40F4-A9AB-F9E0549A18EA}"
EndProject
Project("{FAE04EC0-301F-11D3-BF4B-00C04F79EFBC}") = "UserInterface", "UserInterface\UserInterface.csproj", "{D224BDA6-F097-4121-BEEF-16FCF838042F}"
EndProject
Global
	GlobalSection(SolutionConfigurationPlatforms) = preSolution
		Debug|Any CPU = Debug|Any CPU
		Release|Any CPU = Release|Any CPU
	EndGlobalSection
	GlobalSection(ProjectConfigurationPlatforms) = postSolution
		{9E650A72-AF9C-40F4-A9AB-F9E0549A18EA}.Debug|Any CPU.ActiveCfg = Debug|Any CPU
		{9E650A72-AF9C-40F4-A9AB-F9E0549A18EA}.Debug|Any CPU.Build.0 = Debug|Any CPU
		{9E650A72-AF9C-40F4-A9AB-F9E0549A18EA}.Release|Any CPU.ActiveCfg = Release|Any CPU
		{9E650A72-AF9C-40F4-A9AB-F9E0549A18EA}.Release|Any CPU.Build.0 = Release|Any CPU
		{D224BDA6-F097-4121-BEEF-16FCF838042F}.Debug|Any CPU.ActiveCfg = Debug|Any CPU
		{D224BDA6-F097-4121-BEEF-16FCF838042F}.Debug|Any CPU.Build.0 = Debug|Any CPU
		{D224BDA6-F097-4121-BEEF-16FCF838042F}.Release|Any CPU.ActiveCfg = Release|Any CPU
		{D224BDA6-F097-4121-BEEF-16FCF838042F}.Release|Any CPU.Build.0 = Release|Any CPU
	EndGlobalSection
	GlobalSection(SolutionProperties) = preSolution
		HideSolutionNode = FALSE
	EndGlobalSection
	GlobalSection(ExtensibilityGlobals) = postSolution
		SolutionGuid = {85801F78-71DC-4659-BD6F-BF5562E7636C}
	EndGlobalSection
EndGlobal
